
Microsoft Visual Studio Solution File, Format Version 12.00
# Visual Studio Version 17
VisualStudioVersion = 17.5.33530.505
MinimumVisualStudioVersion = 10.0.40219.1
Project("{FAE04EC0-301F-11D3-BF4B-00C04F79EFBC}") = "CamXucWeb", "CamXucWeb.csproj", "{9CDCC131-A436-45F8-A569-C5898462B51E}"
EndProject
Global
	GlobalSection(SolutionConfigurationPlatforms) = preSolution
		Debug|Any CPU = Debug|Any CPU
		Release|Any CPU = Release|Any CPU
	EndGlobalSection
	GlobalSection(ProjectConfigurationPlatforms) = postSolution
		{9CDCC131-A436-45F8-A569-C5898462B51E}.Debug|Any CPU.ActiveCfg = Debug|Any CPU
		{9CDCC131-A436-45F8-A569-C5898462B51E}.Debug|Any CPU.Build.0 = Debug|Any CPU
		{9CDCC131-A436-45F8-A569-C5898462B51E}.Release|Any CPU.ActiveCfg = Release|Any CPU
		{9CDCC131-A436-45F8-A569-C5898462B51E}.Release|Any CPU.Build.0 = Release|Any CPU
	EndGlobalSection
	GlobalSection(SolutionProperties) = preSolution
		HideSolutionNode = FALSE
	EndGlobalSection
	GlobalSection(ExtensibilityGlobals) = postSolution
		SolutionGuid = {54B70185-F9AB-4D8A-94A6-CD1E8421F67E}
	EndGlobalSection
EndGlobal
